
Microsoft Visual Studio Solution File, Format Version 12.00
# Visual Studio Version 17
VisualStudioVersion = 17.5.002.0
MinimumVisualStudioVersion = 10.0.40219.1
Project("{9A19103F-16F7-4668-BE54-9A1E7A4F7556}") = "VehicleInheritance", "VehicleInheritance.csproj", "{F9E5FA4D-9281-4BBE-9B81-A45717DF69E8}"
EndProject
Global
	GlobalSection(SolutionConfigurationPlatforms) = preSolution
		Debug|Any CPU = Debug|Any CPU
		Release|Any CPU = Release|Any CPU
	EndGlobalSection
	GlobalSection(ProjectConfigurationPlatforms) = postSolution
		{F9E5FA4D-9281-4BBE-9B81-A45717DF69E8}.Debug|Any CPU.ActiveCfg = Debug|Any CPU
		{F9E5FA4D-9281-4BBE-9B81-A45717DF69E8}.Debug|Any CPU.Build.0 = Debug|Any CPU
		{F9E5FA4D-9281-4BBE-9B81-A45717DF69E8}.Release|Any CPU.ActiveCfg = Release|Any CPU
		{F9E5FA4D-9281-4BBE-9B81-A45717DF69E8}.Release|Any CPU.Build.0 = Release|Any CPU
	EndGlobalSection
	GlobalSection(SolutionProperties) = preSolution
		HideSolutionNode = FALSE
	EndGlobalSection
	GlobalSection(ExtensibilityGlobals) = postSolution
		SolutionGuid = {54FD8F60-FD9B-4029-80C9-B33A1D2252E9}
	EndGlobalSection
EndGlobal
